
Microsoft Visual Studio Solution File, Format Version 12.00
# Visual Studio Version 16
VisualStudioVersion = 16.0.32407.337
MinimumVisualStudioVersion = 10.0.40219.1
Project("{FAE04EC0-301F-11D3-BF4B-00C04F79EFBC}") = "SistemaFacturacion", "SistemaFacturacion.csproj", "{F51D8FCA-C6C2-4F03-83DA-E3A96B5883C4}"
EndProject
Global
	GlobalSection(SolutionConfigurationPlatforms) = preSolution
		Debug|Any CPU = Debug|Any CPU
		Release|Any CPU = Release|Any CPU
	EndGlobalSection
	GlobalSection(ProjectConfigurationPlatforms) = postSolution
		{F51D8FCA-C6C2-4F03-83DA-E3A96B5883C4}.Debug|Any CPU.ActiveCfg = Debug|Any CPU
		{F51D8FCA-C6C2-4F03-83DA-E3A96B5883C4}.Debug|Any CPU.Build.0 = Debug|Any CPU
		{F51D8FCA-C6C2-4F03-83DA-E3A96B5883C4}.Release|Any CPU.ActiveCfg = Release|Any CPU
		{F51D8FCA-C6C2-4F03-83DA-E3A96B5883C4}.Release|Any CPU.Build.0 = Release|Any CPU
	EndGlobalSection
	GlobalSection(SolutionProperties) = preSolution
		HideSolutionNode = FALSE
	EndGlobalSection
	GlobalSection(ExtensibilityGlobals) = postSolution
		SolutionGuid = {DEBC48C1-C469-4086-91F9-8403C31DA419}
	EndGlobalSection
EndGlobal
